
Microsoft Visual Studio Solution File, Format Version 11.00
# Visual C++ Express 2010
Project("{8BC9CEB8-8B4A-11D0-8D11-00A0C91BC942}") = "euler99", "euler99\euler99.vcxproj", "{E116B28B-E388-407A-91DB-A14134086200}"
EndProject
Global
	GlobalSection(SolutionConfigurationPlatforms) = preSolution
		Debug|Win32 = Debug|Win32
		Release|Win32 = Release|Win32
	EndGlobalSection
	GlobalSection(ProjectConfigurationPlatforms) = postSolution
		{E116B28B-E388-407A-91DB-A14134086200}.Debug|Win32.ActiveCfg = Debug|Win32
		{E116B28B-E388-407A-91DB-A14134086200}.Debug|Win32.Build.0 = Debug|Win32
		{E116B28B-E388-407A-91DB-A14134086200}.Release|Win32.ActiveCfg = Release|Win32
		{E116B28B-E388-407A-91DB-A14134086200}.Release|Win32.Build.0 = Release|Win32
	EndGlobalSection
	GlobalSection(SolutionProperties) = preSolution
		HideSolutionNode = FALSE
	EndGlobalSection
EndGlobal
