
Microsoft Visual Studio Solution File, Format Version 11.00
# Visual C++ Express 2010
Project("{8BC9CEB8-8B4A-11D0-8D11-00A0C91BC942}") = "euler34", "euler34\euler34.vcxproj", "{79B7725D-67D0-4BCD-B2D9-10DB603B2807}"
EndProject
Global
	GlobalSection(SolutionConfigurationPlatforms) = preSolution
		Debug|Win32 = Debug|Win32
		Release|Win32 = Release|Win32
	EndGlobalSection
	GlobalSection(ProjectConfigurationPlatforms) = postSolution
		{79B7725D-67D0-4BCD-B2D9-10DB603B2807}.Debug|Win32.ActiveCfg = Debug|Win32
		{79B7725D-67D0-4BCD-B2D9-10DB603B2807}.Debug|Win32.Build.0 = Debug|Win32
		{79B7725D-67D0-4BCD-B2D9-10DB603B2807}.Release|Win32.ActiveCfg = Release|Win32
		{79B7725D-67D0-4BCD-B2D9-10DB603B2807}.Release|Win32.Build.0 = Release|Win32
	EndGlobalSection
	GlobalSection(SolutionProperties) = preSolution
		HideSolutionNode = FALSE
	EndGlobalSection
EndGlobal
