
Microsoft Visual Studio Solution File, Format Version 11.00
# Visual C++ Express 2010
Project("{8BC9CEB8-8B4A-11D0-8D11-00A0C91BC942}") = "euler97", "euler97\euler97.vcxproj", "{93C3D8A5-7A8B-4511-B0B1-61A3437780BA}"
EndProject
Global
	GlobalSection(SolutionConfigurationPlatforms) = preSolution
		Debug|Win32 = Debug|Win32
		Release|Win32 = Release|Win32
	EndGlobalSection
	GlobalSection(ProjectConfigurationPlatforms) = postSolution
		{93C3D8A5-7A8B-4511-B0B1-61A3437780BA}.Debug|Win32.ActiveCfg = Debug|Win32
		{93C3D8A5-7A8B-4511-B0B1-61A3437780BA}.Debug|Win32.Build.0 = Debug|Win32
		{93C3D8A5-7A8B-4511-B0B1-61A3437780BA}.Release|Win32.ActiveCfg = Release|Win32
		{93C3D8A5-7A8B-4511-B0B1-61A3437780BA}.Release|Win32.Build.0 = Release|Win32
	EndGlobalSection
	GlobalSection(SolutionProperties) = preSolution
		HideSolutionNode = FALSE
	EndGlobalSection
EndGlobal
