
Microsoft Visual Studio Solution File, Format Version 11.00
# Visual C++ Express 2010
Project("{8BC9CEB8-8B4A-11D0-8D11-00A0C91BC942}") = "euler27", "euler27\euler27.vcxproj", "{A1CF0D59-60FF-4EA3-8D8B-DCF7546419C3}"
EndProject
Global
	GlobalSection(SolutionConfigurationPlatforms) = preSolution
		Debug|Win32 = Debug|Win32
		Release|Win32 = Release|Win32
	EndGlobalSection
	GlobalSection(ProjectConfigurationPlatforms) = postSolution
		{A1CF0D59-60FF-4EA3-8D8B-DCF7546419C3}.Debug|Win32.ActiveCfg = Debug|Win32
		{A1CF0D59-60FF-4EA3-8D8B-DCF7546419C3}.Debug|Win32.Build.0 = Debug|Win32
		{A1CF0D59-60FF-4EA3-8D8B-DCF7546419C3}.Release|Win32.ActiveCfg = Release|Win32
		{A1CF0D59-60FF-4EA3-8D8B-DCF7546419C3}.Release|Win32.Build.0 = Release|Win32
	EndGlobalSection
	GlobalSection(SolutionProperties) = preSolution
		HideSolutionNode = FALSE
	EndGlobalSection
EndGlobal
