
Microsoft Visual Studio Solution File, Format Version 11.00
# Visual C++ Express 2010
Project("{8BC9CEB8-8B4A-11D0-8D11-00A0C91BC942}") = "euler32", "euler32\euler32.vcxproj", "{0EAF9A39-C37F-46EC-93C7-3EF0E4754ABA}"
EndProject
Global
	GlobalSection(SolutionConfigurationPlatforms) = preSolution
		Debug|Win32 = Debug|Win32
		Release|Win32 = Release|Win32
	EndGlobalSection
	GlobalSection(ProjectConfigurationPlatforms) = postSolution
		{0EAF9A39-C37F-46EC-93C7-3EF0E4754ABA}.Debug|Win32.ActiveCfg = Debug|Win32
		{0EAF9A39-C37F-46EC-93C7-3EF0E4754ABA}.Debug|Win32.Build.0 = Debug|Win32
		{0EAF9A39-C37F-46EC-93C7-3EF0E4754ABA}.Release|Win32.ActiveCfg = Release|Win32
		{0EAF9A39-C37F-46EC-93C7-3EF0E4754ABA}.Release|Win32.Build.0 = Release|Win32
	EndGlobalSection
	GlobalSection(SolutionProperties) = preSolution
		HideSolutionNode = FALSE
	EndGlobalSection
EndGlobal
