
Microsoft Visual Studio Solution File, Format Version 11.00
# Visual C++ Express 2010
Project("{8BC9CEB8-8B4A-11D0-8D11-00A0C91BC942}") = "euler53", "euler53\euler53.vcxproj", "{BB38ED38-1091-45E0-ADF3-D624FC316F63}"
EndProject
Global
	GlobalSection(SolutionConfigurationPlatforms) = preSolution
		Debug|Win32 = Debug|Win32
		Release|Win32 = Release|Win32
	EndGlobalSection
	GlobalSection(ProjectConfigurationPlatforms) = postSolution
		{BB38ED38-1091-45E0-ADF3-D624FC316F63}.Debug|Win32.ActiveCfg = Debug|Win32
		{BB38ED38-1091-45E0-ADF3-D624FC316F63}.Debug|Win32.Build.0 = Debug|Win32
		{BB38ED38-1091-45E0-ADF3-D624FC316F63}.Release|Win32.ActiveCfg = Release|Win32
		{BB38ED38-1091-45E0-ADF3-D624FC316F63}.Release|Win32.Build.0 = Release|Win32
	EndGlobalSection
	GlobalSection(SolutionProperties) = preSolution
		HideSolutionNode = FALSE
	EndGlobalSection
EndGlobal
