
Microsoft Visual Studio Solution File, Format Version 11.00
# Visual C++ Express 2010
Project("{8BC9CEB8-8B4A-11D0-8D11-00A0C91BC942}") = "euler15", "euler15\euler15.vcxproj", "{BCD015FE-7F1B-4106-B804-6FE5E203B328}"
EndProject
Global
	GlobalSection(SolutionConfigurationPlatforms) = preSolution
		Debug|Win32 = Debug|Win32
		Release|Win32 = Release|Win32
	EndGlobalSection
	GlobalSection(ProjectConfigurationPlatforms) = postSolution
		{BCD015FE-7F1B-4106-B804-6FE5E203B328}.Debug|Win32.ActiveCfg = Debug|Win32
		{BCD015FE-7F1B-4106-B804-6FE5E203B328}.Debug|Win32.Build.0 = Debug|Win32
		{BCD015FE-7F1B-4106-B804-6FE5E203B328}.Release|Win32.ActiveCfg = Release|Win32
		{BCD015FE-7F1B-4106-B804-6FE5E203B328}.Release|Win32.Build.0 = Release|Win32
	EndGlobalSection
	GlobalSection(SolutionProperties) = preSolution
		HideSolutionNode = FALSE
	EndGlobalSection
EndGlobal
